// !$*UTF8*$!
{
	archiveVersion = 1;
	classes = {
	};
	objectVersion = 77;
	objects = {

/* Begin PBXBuildFile section */
		A90386D99D278E23AF77D3C6 /* Pods_ModularMainApp.framework in Frameworks */ = {isa = PBXBuildFile; fileRef = B1343256B699F85FEA1B875C /* Pods_ModularMainApp.framework */; };
		E163B3E82EFA689B002A51E1 /* PrivacyScreenCapture in Frameworks */ = {isa = PBXBuildFile; productRef = E163B3E72EFA689B002A51E1 /* PrivacyScreenCapture */; };
		EE8C853583828D5D024BA4E0 /* Pods_ModularMainAppTests.framework in Frameworks */ = {isa = PBXBuildFile; fileRef = F0E490E8D4A6B90DD60DD6C8 /* Pods_ModularMainAppTests.framework */; };
		FF54299804B3BEDCB4E1B0D3 /* Pods_ModularMainApp_ModularMainAppUITests.framework in Frameworks */ = {isa = PBXBuildFile; fileRef = 9C35910DA2D9DC9070EDBC73 /* Pods_ModularMainApp_ModularMainAppUITests.framework */; };
/* End PBXBuildFile section */

/* Begin PBXContainerItemProxy section */
		E1AE81722EF9161500962D61 /* PBXContainerItemProxy */ = {
			isa = PBXContainerItemProxy;
			containerPortal = E1AE815C2EF9161000962D61 /* Project object */;
			proxyType = 1;
			remoteGlobalIDString = E1AE81632EF9161000962D61;
			remoteInfo = ModularMainApp;
		};
		E1AE817C2EF9161500962D61 /* PBXContainerItemProxy */ = {
			isa = PBXContainerItemProxy;
			containerPortal = E1AE815C2EF9161000962D61 /* Project object */;
			proxyType = 1;
			remoteGlobalIDString = E1AE81632EF9161000962D61;
			remoteInfo = ModularMainApp;
		};
/* End PBXContainerItemProxy section */

/* Begin PBXFileReference section */
		12DCE55E644B4C32122F948B /* Pods-ModularMainApp-ModularMainAppUITests.debug.xcconfig */ = {isa = PBXFileReference; includeInIndex = 1; lastKnownFileType = text.xcconfig; name = "Pods-ModularMainApp-ModularMainAppUITests.debug.xcconfig"; path = "Target Support Files/Pods-ModularMainApp-ModularMainAppUITests/Pods-ModularMainApp-ModularMainAppUITests.debug.xcconfig"; sourceTree = "<group>"; };
		32D988F21740008018EF51C0 /* Pods-ModularMainApp.debug.xcconfig */ = {isa = PBXFileReference; includeInIndex = 1; lastKnownFileType = text.xcconfig; name = "Pods-ModularMainApp.debug.xcconfig"; path = "Target Support Files/Pods-ModularMainApp/Pods-ModularMainApp.debug.xcconfig"; sourceTree = "<group>"; };
		6654AD1BA6AB234A3BD9D94B /* Pods-ModularMainAppTests.debug.xcconfig */ = {isa = PBXFileReference; includeInIndex = 1; lastKnownFileType = text.xcconfig; name = "Pods-ModularMainAppTests.debug.xcconfig"; path = "Target Support Files/Pods-ModularMainAppTests/Pods-ModularMainAppTests.debug.xcconfig"; sourceTree = "<group>"; };
		691CA3F4F99DBF5058BC4081 /* Pods-ModularMainApp-ModularMainAppUITests.release.xcconfig */ = {isa = PBXFileReference; includeInIndex = 1; lastKnownFileType = text.xcconfig; name = "Pods-ModularMainApp-ModularMainAppUITests.release.xcconfig"; path = "Target Support Files/Pods-ModularMainApp-ModularMainAppUITests/Pods-ModularMainApp-ModularMainAppUITests.release.xcconfig"; sourceTree = "<group>"; };
		8A6DAB418A9FC9C744D11A24 /* Pods-ModularMainAppTests.release.xcconfig */ = {isa = PBXFileReference; includeInIndex = 1; lastKnownFileType = text.xcconfig; name = "Pods-ModularMainAppTests.release.xcconfig"; path = "Target Support Files/Pods-ModularMainAppTests/Pods-ModularMainAppTests.release.xcconfig"; sourceTree = "<group>"; };
		9C35910DA2D9DC9070EDBC73 /* Pods_ModularMainApp_ModularMainAppUITests.framework */ = {isa = PBXFileReference; explicitFileType = wrapper.framework; includeInIndex = 0; path = Pods_ModularMainApp_ModularMainAppUITests.framework; sourceTree = BUILT_PRODUCTS_DIR; };
		B1343256B699F85FEA1B875C /* Pods_ModularMainApp.framework */ = {isa = PBXFileReference; explicitFileType = wrapper.framework; includeInIndex = 0; path = Pods_ModularMainApp.framework; sourceTree = BUILT_PRODUCTS_DIR; };
		E1AE81642EF9161000962D61 /* ModularMainApp.app */ = {isa = PBXFileReference; explicitFileType = wrapper.application; includeInIndex = 0; path = ModularMainApp.app; sourceTree = BUILT_PRODUCTS_DIR; };
		E1AE81712EF9161500962D61 /* ModularMainAppTests.xctest */ = {isa = PBXFileReference; explicitFileType = wrapper.cfbundle; includeInIndex = 0; path = ModularMainAppTests.xctest; sourceTree = BUILT_PRODUCTS_DIR; };
		E1AE817B2EF9161500962D61 /* ModularMainAppUITests.xctest */ = {isa = PBXFileReference; explicitFileType = wrapper.cfbundle; includeInIndex = 0; path = ModularMainAppUITests.xctest; sourceTree = BUILT_PRODUCTS_DIR; };
		F0E490E8D4A6B90DD60DD6C8 /* Pods_ModularMainAppTests.framework */ = {isa = PBXFileReference; explicitFileType = wrapper.framework; includeInIndex = 0; path = Pods_ModularMainAppTests.framework; sourceTree = BUILT_PRODUCTS_DIR; };
		F576A1D8EE294093CB2809E7 /* Pods-ModularMainApp.release.xcconfig */ = {isa = PBXFileReference; includeInIndex = 1; lastKnownFileType = text.xcconfig; name = "Pods-ModularMainApp.release.xcconfig"; path = "Target Support Files/Pods-ModularMainApp/Pods-ModularMainApp.release.xcconfig"; sourceTree = "<group>"; };
/* End PBXFileReference section */

/* Begin PBXFileSystemSynchronizedRootGroup section */
		E1AE81662EF9161000962D61 /* ModularMainApp */ = {
			isa = PBXFileSystemSynchronizedRootGroup;
			path = ModularMainApp;
			sourceTree = "<group>";
		};
		E1AE81742EF9161500962D61 /* ModularMainAppTests */ = {
			isa = PBXFileSystemSynchronizedRootGroup;
			path = ModularMainAppTests;
			sourceTree = "<group>";
		};
		E1AE817E2EF9161500962D61 /* ModularMainAppUITests */ = {
			isa = PBXFileSystemSynchronizedRootGroup;
			path = ModularMainAppUITests;
			sourceTree = "<group>";
		};
/* End PBXFileSystemSynchronizedRootGroup section */

/* Begin PBXFrameworksBuildPhase section */
		E1AE81612EF9161000962D61 /* Frameworks */ = {
			isa = PBXFrameworksBuildPhase;
			buildActionMask = 2147483647;
			files = (
				E163B3E82EFA689B002A51E1 /* PrivacyScreenCapture in Frameworks */,
				A90386D99D278E23AF77D3C6 /* Pods_ModularMainApp.framework in Frameworks */,
			);
			runOnlyForDeploymentPostprocessing = 0;
		};
		E1AE816E2EF9161500962D61 /* Frameworks */ = {
			isa = PBXFrameworksBuildPhase;
			buildActionMask = 2147483647;
			files = (
				EE8C853583828D5D024BA4E0 /* Pods_ModularMainAppTests.framework in Frameworks */,
			);
			runOnlyForDeploymentPostprocessing = 0;
		};
		E1AE81782EF9161500962D61 /* Frameworks */ = {
			isa = PBXFrameworksBuildPhase;
			buildActionMask = 2147483647;
			files = (
				FF54299804B3BEDCB4E1B0D3 /* Pods_ModularMainApp_ModularMainAppUITests.framework in Frameworks */,
			);
			runOnlyForDeploymentPostprocessing = 0;
		};
/* End PBXFrameworksBuildPhase section */

/* Begin PBXGroup section */
		16E2BA42CF4843C34AC9EA59 /* Frameworks */ = {
			isa = PBXGroup;
			children = (
				B1343256B699F85FEA1B875C /* Pods_ModularMainApp.framework */,
				9C35910DA2D9DC9070EDBC73 /* Pods_ModularMainApp_ModularMainAppUITests.framework */,
				F0E490E8D4A6B90DD60DD6C8 /* Pods_ModularMainAppTests.framework */,
			);
			name = Frameworks;
			sourceTree = "<group>";
		};
		41FF9165D9BBF47B78983E37 /* Pods */ = {
			isa = PBXGroup;
			children = (
				32D988F21740008018EF51C0 /* Pods-ModularMainApp.debug.xcconfig */,
				F576A1D8EE294093CB2809E7 /* Pods-ModularMainApp.release.xcconfig */,
				12DCE55E644B4C32122F948B /* Pods-ModularMainApp-ModularMainAppUITests.debug.xcconfig */,
				691CA3F4F99DBF5058BC4081 /* Pods-ModularMainApp-ModularMainAppUITests.release.xcconfig */,
				6654AD1BA6AB234A3BD9D94B /* Pods-ModularMainAppTests.debug.xcconfig */,
				8A6DAB418A9FC9C744D11A24 /* Pods-ModularMainAppTests.release.xcconfig */,
			);
			path = Pods;
			sourceTree = "<group>";
		};
		E1AE815B2EF9161000962D61 = {
			isa = PBXGroup;
			children = (
				E1AE81662EF9161000962D61 /* ModularMainApp */,
				E1AE81742EF9161500962D61 /* ModularMainAppTests */,
				E1AE817E2EF9161500962D61 /* ModularMainAppUITests */,
				E1AE81652EF9161000962D61 /* Products */,
				41FF9165D9BBF47B78983E37 /* Pods */,
				16E2BA42CF4843C34AC9EA59 /* Frameworks */,
			);
			sourceTree = "<group>";
		};
		E1AE81652EF9161000962D61 /* Products */ = {
			isa = PBXGroup;
			children = (
				E1AE81642EF9161000962D61 /* ModularMainApp.app */,
				E1AE81712EF9161500962D61 /* ModularMainAppTests.xctest */,
				E1AE817B2EF9161500962D61 /* ModularMainAppUITests.xctest */,
			);
			name = Products;
			sourceTree = "<group>";
		};
/* End PBXGroup section */

/* Begin PBXNativeTarget section */
		E1AE81632EF9161000962D61 /* ModularMainApp */ = {
			isa = PBXNativeTarget;
			buildConfigurationList = E1AE81852EF9161500962D61 /* Build configuration list for PBXNativeTarget "ModularMainApp" */;
			buildPhases = (
				5FEE7A882432C3CEA9A01DE2 /* [CP] Check Pods Manifest.lock */,
				E1AE81602EF9161000962D61 /* Sources */,
				E1AE81612EF9161000962D61 /* Frameworks */,
				E1AE81622EF9161000962D61 /* Resources */,
				79E935C5988A5EC34A767F83 /* [CP] Embed Pods Frameworks */,
			);
			buildRules = (
			);
			dependencies = (
			);
			fileSystemSynchronizedGroups = (
				E1AE81662EF9161000962D61 /* ModularMainApp */,
			);
			name = ModularMainApp;
			packageProductDependencies = (
				E163B3E72EFA689B002A51E1 /* PrivacyScreenCapture */,
			);
			productName = ModularMainApp;
			productReference = E1AE81642EF9161000962D61 /* ModularMainApp.app */;
			productType = "com.apple.product-type.application";
		};
		E1AE81702EF9161500962D61 /* ModularMainAppTests */ = {
			isa = PBXNativeTarget;
			buildConfigurationList = E1AE81882EF9161500962D61 /* Build configuration list for PBXNativeTarget "ModularMainAppTests" */;
			buildPhases = (
				38F52BC1F7AC8E61484D342A /* [CP] Check Pods Manifest.lock */,
				E1AE816D2EF9161500962D61 /* Sources */,
				E1AE816E2EF9161500962D61 /* Frameworks */,
				E1AE816F2EF9161500962D61 /* Resources */,
			);
			buildRules = (
			);
			dependencies = (
				E1AE81732EF9161500962D61 /* PBXTargetDependency */,
			);
			fileSystemSynchronizedGroups = (
				E1AE81742EF9161500962D61 /* ModularMainAppTests */,
			);
			name = ModularMainAppTests;
			productName = ModularMainAppTests;
			productReference = E1AE81712EF9161500962D61 /* ModularMainAppTests.xctest */;
			productType = "com.apple.product-type.bundle.unit-test";
		};
		E1AE817A2EF9161500962D61 /* ModularMainAppUITests */ = {
			isa = PBXNativeTarget;
			buildConfigurationList = E1AE818B2EF9161500962D61 /* Build configuration list for PBXNativeTarget "ModularMainAppUITests" */;
			buildPhases = (
				49C9C429ADD276B86053B59B /* [CP] Check Pods Manifest.lock */,
				E1AE81772EF9161500962D61 /* Sources */,
				E1AE81782EF9161500962D61 /* Frameworks */,
				E1AE81792EF9161500962D61 /* Resources */,
				017FA41D54043E9D79B7C215 /* [CP] Embed Pods Frameworks */,
			);
			buildRules = (
			);
			dependencies = (
				E1AE817D2EF9161500962D61 /* PBXTargetDependency */,
			);
			fileSystemSynchronizedGroups = (
				E1AE817E2EF9161500962D61 /* ModularMainAppUITests */,
			);
			name = ModularMainAppUITests;
			productName = ModularMainAppUITests;
			productReference = E1AE817B2EF9161500962D61 /* ModularMainAppUITests.xctest */;
			productType = "com.apple.product-type.bundle.ui-testing";
		};
/* End PBXNativeTarget section */

/* Begin PBXProject section */
		E1AE815C2EF9161000962D61 /* Project object */ = {
			isa = PBXProject;
			attributes = {
				BuildIndependentTargetsInParallel = 1;
				LastSwiftUpdateCheck = 2610;
				LastUpgradeCheck = 2610;
				TargetAttributes = {
					E1AE81632EF9161000962D61 = {
						CreatedOnToolsVersion = 26.1.1;
					};
					E1AE81702EF9161500962D61 = {
						CreatedOnToolsVersion = 26.1.1;
						TestTargetID = E1AE81632EF9161000962D61;
					};
					E1AE817A2EF9161500962D61 = {
						CreatedOnToolsVersion = 26.1.1;
						TestTargetID = E1AE81632EF9161000962D61;
					};
				};
			};
			buildConfigurationList = E1AE815F2EF9161000962D61 /* Build configuration list for PBXProject "ModularMainApp" */;
			developmentRegion = en;
			hasScannedForEncodings = 0;
			knownRegions = (
				en,
				Base,
			);
			mainGroup = E1AE815B2EF9161000962D61;
			minimizedProjectReferenceProxies = 1;
			packageReferences = (
				E12797672EFE4CA000409694 /* XCLocalSwiftPackageReference "../SwiftPackages/PrivacyScreenCapture" */,
			);
			preferredProjectObjectVersion = 77;
			productRefGroup = E1AE81652EF9161000962D61 /* Products */;
			projectDirPath = "";
			projectRoot = "";
			targets = (
				E1AE81632EF9161000962D61 /* ModularMainApp */,
				E1AE81702EF9161500962D61 /* ModularMainAppTests */,
				E1AE817A2EF9161500962D61 /* ModularMainAppUITests */,
			);
		};
/* End PBXProject section */

/* Begin PBXResourcesBuildPhase section */
		E1AE81622EF9161000962D61 /* Resources */ = {
			isa = PBXResourcesBuildPhase;
			buildActionMask = 2147483647;
			files = (
			);
			runOnlyForDeploymentPostprocessing = 0;
		};
		E1AE816F2EF9161500962D61 /* Resources */ = {
			isa = PBXResourcesBuildPhase;
			buildActionMask = 2147483647;
			files = (
			);
			runOnlyForDeploymentPostprocessing = 0;
		};
		E1AE81792EF9161500962D61 /* Resources */ = {
			isa = PBXResourcesBuildPhase;
			buildActionMask = 2147483647;
			files = (
			);
			runOnlyForDeploymentPostprocessing = 0;
		};
/* End PBXResourcesBuildPhase section */

/* Begin PBXShellScriptBuildPhase section */
		017FA41D54043E9D79B7C215 /* [CP] Embed Pods Frameworks */ = {
			isa = PBXShellScriptBuildPhase;
			buildActionMask = 2147483647;
			files = (
			);
			inputFileListPaths = (
				"${PODS_ROOT}/Target Support Files/Pods-ModularMainApp-ModularMainAppUITests/Pods-ModularMainApp-ModularMainAppUITests-frameworks-${CONFIGURATION}-input-files.xcfilelist",
			);
			inputPaths = (
			);
			name = "[CP] Embed Pods Frameworks";
			outputFileListPaths = (
				"${PODS_ROOT}/Target Support Files/Pods-ModularMainApp-ModularMainAppUITests/Pods-ModularMainApp-ModularMainAppUITests-frameworks-${CONFIGURATION}-output-files.xcfilelist",
			);
			outputPaths = (
			);
			runOnlyForDeploymentPostprocessing = 0;
			shellPath = /bin/sh;
			shellScript = "\"${PODS_ROOT}/Target Support Files/Pods-ModularMainApp-ModularMainAppUITests/Pods-ModularMainApp-ModularMainAppUITests-frameworks.sh\"\n";
			showEnvVarsInLog = 0;
		};
		38F52BC1F7AC8E61484D342A /* [CP] Check Pods Manifest.lock */ = {
			isa = PBXShellScriptBuildPhase;
			buildActionMask = 2147483647;
			files = (
			);
			inputFileListPaths = (
			);
			inputPaths = (
				"${PODS_PODFILE_DIR_PATH}/Podfile.lock",
				"${PODS_ROOT}/Manifest.lock",
			);
			name = "[CP] Check Pods Manifest.lock";
			outputFileListPaths = (
			);
			outputPaths = (
				"$(DERIVED_FILE_DIR)/Pods-ModularMainAppTests-checkManifestLockResult.txt",
			);
			runOnlyForDeploymentPostprocessing = 0;
			shellPath = /bin/sh;
			shellScript = "diff \"${PODS_PODFILE_DIR_PATH}/Podfile.lock\" \"${PODS_ROOT}/Manifest.lock\" > /dev/null\nif [ $? != 0 ] ; then\n    # print error to STDERR\n    echo \"error: The sandbox is not in sync with the Podfile.lock. Run 'pod install' or update your CocoaPods installation.\" >&2\n    exit 1\nfi\n# This output is used by Xcode 'outputs' to avoid re-running this script phase.\necho \"SUCCESS\" > \"${SCRIPT_OUTPUT_FILE_0}\"\n";
			showEnvVarsInLog = 0;
		};
		49C9C429ADD276B86053B59B /* [CP] Check Pods Manifest.lock */ = {
			isa = PBXShellScriptBuildPhase;
			buildActionMask = 2147483647;
			files = (
			);
			inputFileListPaths = (
			);
			inputPaths = (
				"${PODS_PODFILE_DIR_PATH}/Podfile.lock",
				"${PODS_ROOT}/Manifest.lock",
			);
			name = "[CP] Check Pods Manifest.lock";
			outputFileListPaths = (
			);
			outputPaths = (
				"$(DERIVED_FILE_DIR)/Pods-ModularMainApp-ModularMainAppUITests-checkManifestLockResult.txt",
			);
			runOnlyForDeploymentPostprocessing = 0;
			shellPath = /bin/sh;
			shellScript = "diff \"${PODS_PODFILE_DIR_PATH}/Podfile.lock\" \"${PODS_ROOT}/Manifest.lock\" > /dev/null\nif [ $? != 0 ] ; then\n    # print error to STDERR\n    echo \"error: The sandbox is not in sync with the Podfile.lock. Run 'pod install' or update your CocoaPods installation.\" >&2\n    exit 1\nfi\n# This output is used by Xcode 'outputs' to avoid re-running this script phase.\necho \"SUCCESS\" > \"${SCRIPT_OUTPUT_FILE_0}\"\n";
			showEnvVarsInLog = 0;
		};
		5FEE7A882432C3CEA9A01DE2 /* [CP] Check Pods Manifest.lock */ = {
			isa = PBXShellScriptBuildPhase;
			buildActionMask = 2147483647;
			files = (
			);
			inputFileListPaths = (
			);
			inputPaths = (
				"${PODS_PODFILE_DIR_PATH}/Podfile.lock",
				"${PODS_ROOT}/Manifest.lock",
			);
			name = "[CP] Check Pods Manifest.lock";
			outputFileListPaths = (
			);
			outputPaths = (
				"$(DERIVED_FILE_DIR)/Pods-ModularMainApp-checkManifestLockResult.txt",
			);
			runOnlyForDeploymentPostprocessing = 0;
			shellPath = /bin/sh;
			shellScript = "diff \"${PODS_PODFILE_DIR_PATH}/Podfile.lock\" \"${PODS_ROOT}/Manifest.lock\" > /dev/null\nif [ $? != 0 ] ; then\n    # print error to STDERR\n    echo \"error: The sandbox is not in sync with the Podfile.lock. Run 'pod install' or update your CocoaPods installation.\" >&2\n    exit 1\nfi\n# This output is used by Xcode 'outputs' to avoid re-running this script phase.\necho \"SUCCESS\" > \"${SCRIPT_OUTPUT_FILE_0}\"\n";
			showEnvVarsInLog = 0;
		};
		79E935C5988A5EC34A767F83 /* [CP] Embed Pods Frameworks */ = {
			isa = PBXShellScriptBuildPhase;
			buildActionMask = 2147483647;
			files = (
			);
			inputFileListPaths = (
				"${PODS_ROOT}/Target Support Files/Pods-ModularMainApp/Pods-ModularMainApp-frameworks-${CONFIGURATION}-input-files.xcfilelist",
			);
			inputPaths = (
			);
			name = "[CP] Embed Pods Frameworks";
			outputFileListPaths = (
				"${PODS_ROOT}/Target Support Files/Pods-ModularMainApp/Pods-ModularMainApp-frameworks-${CONFIGURATION}-output-files.xcfilelist",
			);
			outputPaths = (
			);
			runOnlyForDeploymentPostprocessing = 0;
			shellPath = /bin/sh;
			shellScript = "\"${PODS_ROOT}/Target Support Files/Pods-ModularMainApp/Pods-ModularMainApp-frameworks.sh\"\n";
			showEnvVarsInLog = 0;
		};
/* End PBXShellScriptBuildPhase section */

/* Begin PBXSourcesBuildPhase section */
		E1AE81602EF9161000962D61 /* Sources */ = {
			isa = PBXSourcesBuildPhase;
			buildActionMask = 2147483647;
			files = (
			);
			runOnlyForDeploymentPostprocessing = 0;
		};
		E1AE816D2EF9161500962D61 /* Sources */ = {
			isa = PBXSourcesBuildPhase;
			buildActionMask = 2147483647;
			files = (
			);
			runOnlyForDeploymentPostprocessing = 0;
		};
		E1AE81772EF9161500962D61 /* Sources */ = {
			isa = PBXSourcesBuildPhase;
			buildActionMask = 2147483647;
			files = (
			);
			runOnlyForDeploymentPostprocessing = 0;
		};
/* End PBXSourcesBuildPhase section */

/* Begin PBXTargetDependency section */
		E1AE81732EF9161500962D61 /* PBXTargetDependency */ = {
			isa = PBXTargetDependency;
			target = E1AE81632EF9161000962D61 /* ModularMainApp */;
			targetProxy = E1AE81722EF9161500962D61 /* PBXContainerItemProxy */;
		};
		E1AE817D2EF9161500962D61 /* PBXTargetDependency */ = {
			isa = PBXTargetDependency;
			target = E1AE81632EF9161000962D61 /* ModularMainApp */;
			targetProxy = E1AE817C2EF9161500962D61 /* PBXContainerItemProxy */;
		};
/* End PBXTargetDependency section */

/* Begin XCBuildConfiguration section */
		E1AE81832EF9161500962D61 /* Debug */ = {
			isa = XCBuildConfiguration;
			buildSettings = {
				ALWAYS_SEARCH_USER_PATHS = NO;
				ASSETCATALOG_COMPILER_GENERATE_SWIFT_ASSET_SYMBOL_EXTENSIONS = YES;
				CLANG_ANALYZER_NONNULL = YES;
				CLANG_ANALYZER_NUMBER_OBJECT_CONVERSION = YES_AGGRESSIVE;
				CLANG_CXX_LANGUAGE_STANDARD = "gnu++20";
				CLANG_ENABLE_MODULES = YES;
				CLANG_ENABLE_OBJC_ARC = YES;
				CLANG_ENABLE_OBJC_WEAK = YES;
				CLANG_WARN_BLOCK_CAPTURE_AUTORELEASING = YES;
				CLANG_WARN_BOOL_CONVERSION = YES;
				CLANG_WARN_COMMA = YES;
				CLANG_WARN_CONSTANT_CONVERSION = YES;
				CLANG_WARN_DEPRECATED_OBJC_IMPLEMENTATIONS = YES;
				CLANG_WARN_DIRECT_OBJC_ISA_USAGE = YES_ERROR;
				CLANG_WARN_DOCUMENTATION_COMMENTS = YES;
				CLANG_WARN_EMPTY_BODY = YES;
				CLANG_WARN_ENUM_CONVERSION = YES;
				CLANG_WARN_INFINITE_RECURSION = YES;
				CLANG_WARN_INT_CONVERSION = YES;
				CLANG_WARN_NON_LITERAL_NULL_CONVERSION = YES;
				CLANG_WARN_OBJC_IMPLICIT_RETAIN_SELF = YES;
				CLANG_WARN_OBJC_LITERAL_CONVERSION = YES;
				CLANG_WARN_OBJC_ROOT_CLASS = YES_ERROR;
				CLANG_WARN_QUOTED_INCLUDE_IN_FRAMEWORK_HEADER = YES;
				CLANG_WARN_RANGE_LOOP_ANALYSIS = YES;
				CLANG_WARN_STRICT_PROTOTYPES = YES;
				CLANG_WARN_SUSPICIOUS_MOVE = YES;
				CLANG_WARN_UNGUARDED_AVAILABILITY = YES_AGGRESSIVE;
				CLANG_WARN_UNREACHABLE_CODE = YES;
				CLANG_WARN__DUPLICATE_METHOD_MATCH = YES;
				COPY_PHASE_STRIP = NO;
				DEBUG_INFORMATION_FORMAT = dwarf;
				DEVELOPMENT_TEAM = Z9TVWUNTVR;
				ENABLE_STRICT_OBJC_MSGSEND = YES;
				ENABLE_TESTABILITY = YES;
				ENABLE_USER_SCRIPT_SANDBOXING = YES;
				GCC_C_LANGUAGE_STANDARD = gnu17;
				GCC_DYNAMIC_NO_PIC = NO;
				GCC_NO_COMMON_BLOCKS = YES;
				GCC_OPTIMIZATION_LEVEL = 0;
				GCC_PREPROCESSOR_DEFINITIONS = (
					"DEBUG=1",
					"$(inherited)",
				);
				GCC_WARN_64_TO_32_BIT_CONVERSION = YES;
				GCC_WARN_ABOUT_RETURN_TYPE = YES_ERROR;
				GCC_WARN_UNDECLARED_SELECTOR = YES;
				GCC_WARN_UNINITIALIZED_AUTOS = YES_AGGRESSIVE;
				GCC_WARN_UNUSED_FUNCTION = YES;
				GCC_WARN_UNUSED_VARIABLE = YES;
				IPHONEOS_DEPLOYMENT_TARGET = 26.1;
				LOCALIZATION_PREFERS_STRING_CATALOGS = YES;
				MTL_ENABLE_DEBUG_INFO = INCLUDE_SOURCE;
				MTL_FAST_MATH = YES;
				ONLY_ACTIVE_ARCH = YES;
				SDKROOT = iphoneos;
				SWIFT_ACTIVE_COMPILATION_CONDITIONS = "DEBUG $(inherited)";
				SWIFT_OPTIMIZATION_LEVEL = "-Onone";
			};
			name = Debug;
		};
		E1AE81842EF9161500962D61 /* Release */ = {
			isa = XCBuildConfiguration;
			buildSettings = {
				ALWAYS_SEARCH_USER_PATHS = NO;
				ASSETCATALOG_COMPILER_GENERATE_SWIFT_ASSET_SYMBOL_EXTENSIONS = YES;
				CLANG_ANALYZER_NONNULL = YES;
				CLANG_ANALYZER_NUMBER_OBJECT_CONVERSION = YES_AGGRESSIVE;
				CLANG_CXX_LANGUAGE_STANDARD = "gnu++20";
				CLANG_ENABLE_MODULES = YES;
				CLANG_ENABLE_OBJC_ARC = YES;
				CLANG_ENABLE_OBJC_WEAK = YES;
				CLANG_WARN_BLOCK_CAPTURE_AUTORELEASING = YES;
				CLANG_WARN_BOOL_CONVERSION = YES;
				CLANG_WARN_COMMA = YES;
				CLANG_WARN_CONSTANT_CONVERSION = YES;
				CLANG_WARN_DEPRECATED_OBJC_IMPLEMENTATIONS = YES;
				CLANG_WARN_DIRECT_OBJC_ISA_USAGE = YES_ERROR;
				CLANG_WARN_DOCUMENTATION_COMMENTS = YES;
				CLANG_WARN_EMPTY_BODY = YES;
				CLANG_WARN_ENUM_CONVERSION = YES;
				CLANG_WARN_INFINITE_RECURSION = YES;
				CLANG_WARN_INT_CONVERSION = YES;
				CLANG_WARN_NON_LITERAL_NULL_CONVERSION = YES;
				CLANG_WARN_OBJC_IMPLICIT_RETAIN_SELF = YES;
				CLANG_WARN_OBJC_LITERAL_CONVERSION = YES;
				CLANG_WARN_OBJC_ROOT_CLASS = YES_ERROR;
				CLANG_WARN_QUOTED_INCLUDE_IN_FRAMEWORK_HEADER = YES;
				CLANG_WARN_RANGE_LOOP_ANALYSIS = YES;
				CLANG_WARN_STRICT_PROTOTYPES = YES;
				CLANG_WARN_SUSPICIOUS_MOVE = YES;
				CLANG_WARN_UNGUARDED_AVAILABILITY = YES_AGGRESSIVE;
				CLANG_WARN_UNREACHABLE_CODE = YES;
				CLANG_WARN__DUPLICATE_METHOD_MATCH = YES;
				COPY_PHASE_STRIP = NO;
				DEBUG_INFORMATION_FORMAT = "dwarf-with-dsym";
				DEVELOPMENT_TEAM = Z9TVWUNTVR;
				ENABLE_NS_ASSERTIONS = NO;
				ENABLE_STRICT_OBJC_MSGSEND = YES;
				ENABLE_USER_SCRIPT_SANDBOXING = YES;
				GCC_C_LANGUAGE_STANDARD = gnu17;
				GCC_NO_COMMON_BLOCKS = YES;
				GCC_WARN_64_TO_32_BIT_CONVERSION = YES;
				GCC_WARN_ABOUT_RETURN_TYPE = YES_ERROR;
				GCC_WARN_UNDECLARED_SELECTOR = YES;
				GCC_WARN_UNINITIALIZED_AUTOS = YES_AGGRESSIVE;
				GCC_WARN_UNUSED_FUNCTION = YES;
				GCC_WARN_UNUSED_VARIABLE = YES;
				IPHONEOS_DEPLOYMENT_TARGET = 26.1;
				LOCALIZATION_PREFERS_STRING_CATALOGS = YES;
				MTL_ENABLE_DEBUG_INFO = NO;
				MTL_FAST_MATH = YES;
				SDKROOT = iphoneos;
				SWIFT_COMPILATION_MODE = wholemodule;
				VALIDATE_PRODUCT = YES;
			};
			name = Release;
		};
		E1AE81862EF9161500962D61 /* Debug */ = {
			isa = XCBuildConfiguration;
			baseConfigurationReference = 32D988F21740008018EF51C0 /* Pods-ModularMainApp.debug.xcconfig */;
			buildSettings = {
				ASSETCATALOG_COMPILER_APPICON_NAME = AppIcon;
				ASSETCATALOG_COMPILER_GLOBAL_ACCENT_COLOR_NAME = AccentColor;
				CODE_SIGN_STYLE = Automatic;
				CURRENT_PROJECT_VERSION = 1;
				DEVELOPMENT_TEAM = Z9TVWUNTVR;
				ENABLE_PREVIEWS = YES;
				ENABLE_USER_SCRIPT_SANDBOXING = NO;
				GENERATE_INFOPLIST_FILE = YES;
				INFOPLIST_KEY_UIApplicationSceneManifest_Generation = YES;
				INFOPLIST_KEY_UIApplicationSupportsIndirectInputEvents = YES;
				INFOPLIST_KEY_UILaunchScreen_Generation = YES;
				INFOPLIST_KEY_UISupportedInterfaceOrientations_iPad = "UIInterfaceOrientationPortrait UIInterfaceOrientationPortraitUpsideDown UIInterfaceOrientationLandscapeLeft UIInterfaceOrientationLandscapeRight";
				INFOPLIST_KEY_UISupportedInterfaceOrientations_iPhone = "UIInterfaceOrientationPortrait UIInterfaceOrientationLandscapeLeft UIInterfaceOrientationLandscapeRight";
				LD_RUNPATH_SEARCH_PATHS = (
					"$(inherited)",
					"@executable_path/Frameworks",
				);
				MARKETING_VERSION = 1.0;
				PRODUCT_BUNDLE_IDENTIFIER = test.ModularMainApp;
				PRODUCT_NAME = "$(TARGET_NAME)";
				STRING_CATALOG_GENERATE_SYMBOLS = YES;
				SWIFT_APPROACHABLE_CONCURRENCY = YES;
				SWIFT_DEFAULT_ACTOR_ISOLATION = MainActor;
				SWIFT_EMIT_LOC_STRINGS = YES;
				SWIFT_UPCOMING_FEATURE_MEMBER_IMPORT_VISIBILITY = YES;
				SWIFT_VERSION = 5.0;
				TARGETED_DEVICE_FAMILY = "1,2";
			};
			name = Debug;
		};
		E1AE81872EF9161500962D61 /* Release */ = {
			isa = XCBuildConfiguration;
			baseConfigurationReference = F576A1D8EE294093CB2809E7 /* Pods-ModularMainApp.release.xcconfig */;
			buildSettings = {
				ASSETCATALOG_COMPILER_APPICON_NAME = AppIcon;
				ASSETCATALOG_COMPILER_GLOBAL_ACCENT_COLOR_NAME = AccentColor;
				CODE_SIGN_STYLE = Automatic;
				CURRENT_PROJECT_VERSION = 1;
				DEVELOPMENT_TEAM = Z9TVWUNTVR;
				ENABLE_PREVIEWS = YES;
				ENABLE_USER_SCRIPT_SANDBOXING = NO;
				GENERATE_INFOPLIST_FILE = YES;
				INFOPLIST_KEY_UIApplicationSceneManifest_Generation = YES;
				INFOPLIST_KEY_UIApplicationSupportsIndirectInputEvents = YES;
				INFOPLIST_KEY_UILaunchScreen_Generation = YES;
				INFOPLIST_KEY_UISupportedInterfaceOrientations_iPad = "UIInterfaceOrientationPortrait UIInterfaceOrientationPortraitUpsideDown UIInterfaceOrientationLandscapeLeft UIInterfaceOrientationLandscapeRight";
				INFOPLIST_KEY_UISupportedInterfaceOrientations_iPhone = "UIInterfaceOrientationPortrait UIInterfaceOrientationLandscapeLeft UIInterfaceOrientationLandscapeRight";
				LD_RUNPATH_SEARCH_PATHS = (
					"$(inherited)",
					"@executable_path/Frameworks",
				);
				MARKETING_VERSION = 1.0;
				PRODUCT_BUNDLE_IDENTIFIER = test.ModularMainApp;
				PRODUCT_NAME = "$(TARGET_NAME)";
				STRING_CATALOG_GENERATE_SYMBOLS = YES;
				SWIFT_APPROACHABLE_CONCURRENCY = YES;
				SWIFT_DEFAULT_ACTOR_ISOLATION = MainActor;
				SWIFT_EMIT_LOC_STRINGS = YES;
				SWIFT_UPCOMING_FEATURE_MEMBER_IMPORT_VISIBILITY = YES;
				SWIFT_VERSION = 5.0;
				TARGETED_DEVICE_FAMILY = "1,2";
			};
			name = Release;
		};
		E1AE81892EF9161500962D61 /* Debug */ = {
			isa = XCBuildConfiguration;
			baseConfigurationReference = 6654AD1BA6AB234A3BD9D94B /* Pods-ModularMainAppTests.debug.xcconfig */;
			buildSettings = {
				BUNDLE_LOADER = "$(TEST_HOST)";
				CODE_SIGN_STYLE = Automatic;
				CURRENT_PROJECT_VERSION = 1;
				DEVELOPMENT_TEAM = Z9TVWUNTVR;
				GENERATE_INFOPLIST_FILE = YES;
				IPHONEOS_DEPLOYMENT_TARGET = 26.1;
				MARKETING_VERSION = 1.0;
				PRODUCT_BUNDLE_IDENTIFIER = test.ModularMainAppTests;
				PRODUCT_NAME = "$(TARGET_NAME)";
				STRING_CATALOG_GENERATE_SYMBOLS = NO;
				SWIFT_APPROACHABLE_CONCURRENCY = YES;
				SWIFT_EMIT_LOC_STRINGS = NO;
				SWIFT_UPCOMING_FEATURE_MEMBER_IMPORT_VISIBILITY = YES;
				SWIFT_VERSION = 5.0;
				TARGETED_DEVICE_FAMILY = "1,2";
				TEST_HOST = "$(BUILT_PRODUCTS_DIR)/ModularMainApp.app/$(BUNDLE_EXECUTABLE_FOLDER_PATH)/ModularMainApp";
			};
			name = Debug;
		};
		E1AE818A2EF9161500962D61 /* Release */ = {
			isa = XCBuildConfiguration;
			baseConfigurationReference = 8A6DAB418A9FC9C744D11A24 /* Pods-ModularMainAppTests.release.xcconfig */;
			buildSettings = {
				BUNDLE_LOADER = "$(TEST_HOST)";
				CODE_SIGN_STYLE = Automatic;
				CURRENT_PROJECT_VERSION = 1;
				DEVELOPMENT_TEAM = Z9TVWUNTVR;
				GENERATE_INFOPLIST_FILE = YES;
				IPHONEOS_DEPLOYMENT_TARGET = 26.1;
				MARKETING_VERSION = 1.0;
				PRODUCT_BUNDLE_IDENTIFIER = test.ModularMainAppTests;
				PRODUCT_NAME = "$(TARGET_NAME)";
				STRING_CATALOG_GENERATE_SYMBOLS = NO;
				SWIFT_APPROACHABLE_CONCURRENCY = YES;
				SWIFT_EMIT_LOC_STRINGS = NO;
				SWIFT_UPCOMING_FEATURE_MEMBER_IMPORT_VISIBILITY = YES;
				SWIFT_VERSION = 5.0;
				TARGETED_DEVICE_FAMILY = "1,2";
				TEST_HOST = "$(BUILT_PRODUCTS_DIR)/ModularMainApp.app/$(BUNDLE_EXECUTABLE_FOLDER_PATH)/ModularMainApp";
			};
			name = Release;
		};
		E1AE818C2EF9161500962D61 /* Debug */ = {
			isa = XCBuildConfiguration;
			baseConfigurationReference = 12DCE55E644B4C32122F948B /* Pods-ModularMainApp-ModularMainAppUITests.debug.xcconfig */;
			buildSettings = {
				CODE_SIGN_STYLE = Automatic;
				CURRENT_PROJECT_VERSION = 1;
				DEVELOPMENT_TEAM = Z9TVWUNTVR;
				GENERATE_INFOPLIST_FILE = YES;
				MARKETING_VERSION = 1.0;
				PRODUCT_BUNDLE_IDENTIFIER = test.ModularMainAppUITests;
				PRODUCT_NAME = "$(TARGET_NAME)";
				STRING_CATALOG_GENERATE_SYMBOLS = NO;
				SWIFT_APPROACHABLE_CONCURRENCY = YES;
				SWIFT_EMIT_LOC_STRINGS = NO;
				SWIFT_UPCOMING_FEATURE_MEMBER_IMPORT_VISIBILITY = YES;
				SWIFT_VERSION = 5.0;
				TARGETED_DEVICE_FAMILY = "1,2";
				TEST_TARGET_NAME = ModularMainApp;
			};
			name = Debug;
		};
		E1AE818D2EF9161500962D61 /* Release */ = {
			isa = XCBuildConfiguration;
			baseConfigurationReference = 691CA3F4F99DBF5058BC4081 /* Pods-ModularMainApp-ModularMainAppUITests.release.xcconfig */;
			buildSettings = {
				CODE_SIGN_STYLE = Automatic;
				CURRENT_PROJECT_VERSION = 1;
				DEVELOPMENT_TEAM = Z9TVWUNTVR;
				GENERATE_INFOPLIST_FILE = YES;
				MARKETING_VERSION = 1.0;
				PRODUCT_BUNDLE_IDENTIFIER = test.ModularMainAppUITests;
				PRODUCT_NAME = "$(TARGET_NAME)";
				STRING_CATALOG_GENERATE_SYMBOLS = NO;
				SWIFT_APPROACHABLE_CONCURRENCY = YES;
				SWIFT_EMIT_LOC_STRINGS = NO;
				SWIFT_UPCOMING_FEATURE_MEMBER_IMPORT_VISIBILITY = YES;
				SWIFT_VERSION = 5.0;
				TARGETED_DEVICE_FAMILY = "1,2";
				TEST_TARGET_NAME = ModularMainApp;
			};
			name = Release;
		};
/* End XCBuildConfiguration section */

/* Begin XCConfigurationList section */
		E1AE815F2EF9161000962D61 /* Build configuration list for PBXProject "ModularMainApp" */ = {
			isa = XCConfigurationList;
			buildConfigurations = (
				E1AE81832EF9161500962D61 /* Debug */,
				E1AE81842EF9161500962D61 /* Release */,
			);
			defaultConfigurationIsVisible = 0;
			defaultConfigurationName = Release;
		};
		E1AE81852EF9161500962D61 /* Build configuration list for PBXNativeTarget "ModularMainApp" */ = {
			isa = XCConfigurationList;
			buildConfigurations = (
				E1AE81862EF9161500962D61 /* Debug */,
				E1AE81872EF9161500962D61 /* Release */,
			);
			defaultConfigurationIsVisible = 0;
			defaultConfigurationName = Release;
		};
		E1AE81882EF9161500962D61 /* Build configuration list for PBXNativeTarget "ModularMainAppTests" */ = {
			isa = XCConfigurationList;
			buildConfigurations = (
				E1AE81892EF9161500962D61 /* Debug */,
				E1AE818A2EF9161500962D61 /* Release */,
			);
			defaultConfigurationIsVisible = 0;
			defaultConfigurationName = Release;
		};
		E1AE818B2EF9161500962D61 /* Build configuration list for PBXNativeTarget "ModularMainAppUITests" */ = {
			isa = XCConfigurationList;
			buildConfigurations = (
				E1AE818C2EF9161500962D61 /* Debug */,
				E1AE818D2EF9161500962D61 /* Release */,
			);
			defaultConfigurationIsVisible = 0;
			defaultConfigurationName = Release;
		};
/* End XCConfigurationList section */

/* Begin XCLocalSwiftPackageReference section */
		E12797672EFE4CA000409694 /* XCLocalSwiftPackageReference "../SwiftPackages/PrivacyScreenCapture" */ = {
			isa = XCLocalSwiftPackageReference;
			relativePath = ../SwiftPackages/PrivacyScreenCapture;
		};
/* End XCLocalSwiftPackageReference section */

/* Begin XCSwiftPackageProductDependency section */
		E163B3E72EFA689B002A51E1 /* PrivacyScreenCapture */ = {
			isa = XCSwiftPackageProductDependency;
			productName = PrivacyScreenCapture;
		};
/* End XCSwiftPackageProductDependency section */
	};
	rootObject = E1AE815C2EF9161000962D61 /* Project object */;
}
